
Microsoft Visual Studio Solution File, Format Version 12.00
# Visual Studio 15
VisualStudioVersion = 15.0.27130.2010
MinimumVisualStudioVersion = 10.0.40219.1
Project("{FAE04EC0-301F-11D3-BF4B-00C04F79EFBC}") = "CustomRoundCornorView.Android", "CustomRoundCornorView\CustomRoundCornorView.Android\CustomRoundCornorView.Android.csproj", "{61AE138F-12D8-49E8-914E-1309C07C0CD6}"
EndProject
Project("{FAE04EC0-301F-11D3-BF4B-00C04F79EFBC}") = "CustomRoundCornorView.iOS", "CustomRoundCornorView\CustomRoundCornorView.iOS\CustomRoundCornorView.iOS.csproj", "{D6A07554-959D-44EC-A410-D3999E944F8D}"
EndProject
Project("{FAE04EC0-301F-11D3-BF4B-00C04F79EFBC}") = "CustomRoundCornorView", "CustomRoundCornorView\CustomRoundCornorView\CustomRoundCornorView.csproj", "{9D96963C-F11F-4C69-AC81-B44FF44A1D06}"
EndProject
Global
	GlobalSection(SolutionConfigurationPlatforms) = preSolution
		Ad-Hoc|Any CPU = Ad-Hoc|Any CPU
		Ad-Hoc|iPhone = Ad-Hoc|iPhone
		Ad-Hoc|iPhoneSimulator = Ad-Hoc|iPhoneSimulator
		AppStore|Any CPU = AppStore|Any CPU
		AppStore|iPhone = AppStore|iPhone
		AppStore|iPhoneSimulator = AppStore|iPhoneSimulator
		Debug|Any CPU = Debug|Any CPU
		Debug|iPhone = Debug|iPhone
		Debug|iPhoneSimulator = Debug|iPhoneSimulator
		Release|Any CPU = Release|Any CPU
		Release|iPhone = Release|iPhone
		Release|iPhoneSimulator = Release|iPhoneSimulator
	EndGlobalSection
	GlobalSection(ProjectConfigurationPlatforms) = postSolution
		{61AE138F-12D8-49E8-914E-1309C07C0CD6}.Ad-Hoc|Any CPU.ActiveCfg = Release|Any CPU
		{61AE138F-12D8-49E8-914E-1309C07C0CD6}.Ad-Hoc|Any CPU.Build.0 = Release|Any CPU
		{61AE138F-12D8-49E8-914E-1309C07C0CD6}.Ad-Hoc|Any CPU.Deploy.0 = Release|Any CPU
		{61AE138F-12D8-49E8-914E-1309C07C0CD6}.Ad-Hoc|iPhone.ActiveCfg = Release|Any CPU
		{61AE138F-12D8-49E8-914E-1309C07C0CD6}.Ad-Hoc|iPhone.Build.0 = Release|Any CPU
		{61AE138F-12D8-49E8-914E-1309C07C0CD6}.Ad-Hoc|iPhone.Deploy.0 = Release|Any CPU
		{61AE138F-12D8-49E8-914E-1309C07C0CD6}.Ad-Hoc|iPhoneSimulator.ActiveCfg = Release|Any CPU
		{61AE138F-12D8-49E8-914E-1309C07C0CD6}.Ad-Hoc|iPhoneSimulator.Build.0 = Release|Any CPU
		{61AE138F-12D8-49E8-914E-1309C07C0CD6}.Ad-Hoc|iPhoneSimulator.Deploy.0 = Release|Any CPU
		{61AE138F-12D8-49E8-914E-1309C07C0CD6}.AppStore|Any CPU.ActiveCfg = Release|Any CPU
		{61AE138F-12D8-49E8-914E-1309C07C0CD6}.AppStore|Any CPU.Build.0 = Release|Any CPU
		{61AE138F-12D8-49E8-914E-1309C07C0CD6}.AppStore|Any CPU.Deploy.0 = Release|Any CPU
		{61AE138F-12D8-49E8-914E-1309C07C0CD6}.AppStore|iPhone.ActiveCfg = Release|Any CPU
		{61AE138F-12D8-49E8-914E-1309C07C0CD6}.AppStore|iPhone.Build.0 = Release|Any CPU
		{61AE138F-12D8-49E8-914E-1309C07C0CD6}.AppStore|iPhone.Deploy.0 = Release|Any CPU
		{61AE138F-12D8-49E8-914E-1309C07C0CD6}.AppStore|iPhoneSimulator.ActiveCfg = Release|Any CPU
		{61AE138F-12D8-49E8-914E-1309C07C0CD6}.AppStore|iPhoneSimulator.Build.0 = Release|Any CPU
		{61AE138F-12D8-49E8-914E-1309C07C0CD6}.AppStore|iPhoneSimulator.Deploy.0 = Release|Any CPU
		{61AE138F-12D8-49E8-914E-1309C07C0CD6}.Debug|Any CPU.ActiveCfg = Debug|Any CPU
		{61AE138F-12D8-49E8-914E-1309C07C0CD6}.Debug|Any CPU.Build.0 = Debug|Any CPU
		{61AE138F-12D8-49E8-914E-1309C07C0CD6}.Debug|Any CPU.Deploy.0 = Debug|Any CPU
		{61AE138F-12D8-49E8-914E-1309C07C0CD6}.Debug|iPhone.ActiveCfg = Debug|Any CPU
		{61AE138F-12D8-49E8-914E-1309C07C0CD6}.Debug|iPhone.Build.0 = Debug|Any CPU
		{61AE138F-12D8-49E8-914E-1309C07C0CD6}.Debug|iPhone.Deploy.0 = Debug|Any CPU
		{61AE138F-12D8-49E8-914E-1309C07C0CD6}.Debug|iPhoneSimulator.ActiveCfg = Debug|Any CPU
		{61AE138F-12D8-49E8-914E-1309C07C0CD6}.Debug|iPhoneSimulator.Build.0 = Debug|Any CPU
		{61AE138F-12D8-49E8-914E-1309C07C0CD6}.Debug|iPhoneSimulator.Deploy.0 = Debug|Any CPU
		{61AE138F-12D8-49E8-914E-1309C07C0CD6}.Release|Any CPU.ActiveCfg = Release|Any CPU
		{61AE138F-12D8-49E8-914E-1309C07C0CD6}.Release|Any CPU.Build.0 = Release|Any CPU
		{61AE138F-12D8-49E8-914E-1309C07C0CD6}.Release|Any CPU.Deploy.0 = Release|Any CPU
		{61AE138F-12D8-49E8-914E-1309C07C0CD6}.Release|iPhone.ActiveCfg = Release|Any CPU
		{61AE138F-12D8-49E8-914E-1309C07C0CD6}.Release|iPhone.Build.0 = Release|Any CPU
		{61AE138F-12D8-49E8-914E-1309C07C0CD6}.Release|iPhone.Deploy.0 = Release|Any CPU
		{61AE138F-12D8-49E8-914E-1309C07C0CD6}.Release|iPhoneSimulator.ActiveCfg = Release|Any CPU
		{61AE138F-12D8-49E8-914E-1309C07C0CD6}.Release|iPhoneSimulator.Build.0 = Release|Any CPU
		{61AE138F-12D8-49E8-914E-1309C07C0CD6}.Release|iPhoneSimulator.Deploy.0 = Release|Any CPU
		{D6A07554-959D-44EC-A410-D3999E944F8D}.Ad-Hoc|Any CPU.ActiveCfg = Ad-Hoc|iPhone
		{D6A07554-959D-44EC-A410-D3999E944F8D}.Ad-Hoc|iPhone.ActiveCfg = Ad-Hoc|iPhone
		{D6A07554-959D-44EC-A410-D3999E944F8D}.Ad-Hoc|iPhone.Build.0 = Ad-Hoc|iPhone
		{D6A07554-959D-44EC-A410-D3999E944F8D}.Ad-Hoc|iPhoneSimulator.ActiveCfg = Ad-Hoc|iPhoneSimulator
		{D6A07554-959D-44EC-A410-D3999E944F8D}.Ad-Hoc|iPhoneSimulator.Build.0 = Ad-Hoc|iPhoneSimulator
		{D6A07554-959D-44EC-A410-D3999E944F8D}.AppStore|Any CPU.ActiveCfg = AppStore|iPhone
		{D6A07554-959D-44EC-A410-D3999E944F8D}.AppStore|iPhone.ActiveCfg = AppStore|iPhone
		{D6A07554-959D-44EC-A410-D3999E944F8D}.AppStore|iPhone.Build.0 = AppStore|iPhone
		{D6A07554-959D-44EC-A410-D3999E944F8D}.AppStore|iPhoneSimulator.ActiveCfg = AppStore|iPhoneSimulator
		{D6A07554-959D-44EC-A410-D3999E944F8D}.AppStore|iPhoneSimulator.Build.0 = AppStore|iPhoneSimulator
		{D6A07554-959D-44EC-A410-D3999E944F8D}.Debug|Any CPU.ActiveCfg = Debug|iPhone
		{D6A07554-959D-44EC-A410-D3999E944F8D}.Debug|iPhone.ActiveCfg = Debug|iPhone
		{D6A07554-959D-44EC-A410-D3999E944F8D}.Debug|iPhone.Build.0 = Debug|iPhone
		{D6A07554-959D-44EC-A410-D3999E944F8D}.Debug|iPhoneSimulator.ActiveCfg = Debug|iPhoneSimulator
		{D6A07554-959D-44EC-A410-D3999E944F8D}.Debug|iPhoneSimulator.Build.0 = Debug|iPhoneSimulator
		{D6A07554-959D-44EC-A410-D3999E944F8D}.Release|Any CPU.ActiveCfg = Release|iPhone
		{D6A07554-959D-44EC-A410-D3999E944F8D}.Release|iPhone.ActiveCfg = Release|iPhone
		{D6A07554-959D-44EC-A410-D3999E944F8D}.Release|iPhone.Build.0 = Release|iPhone
		{D6A07554-959D-44EC-A410-D3999E944F8D}.Release|iPhoneSimulator.ActiveCfg = Release|iPhoneSimulator
		{D6A07554-959D-44EC-A410-D3999E944F8D}.Release|iPhoneSimulator.Build.0 = Release|iPhoneSimulator
		{9D96963C-F11F-4C69-AC81-B44FF44A1D06}.Ad-Hoc|Any CPU.ActiveCfg = Debug|Any CPU
		{9D96963C-F11F-4C69-AC81-B44FF44A1D06}.Ad-Hoc|Any CPU.Build.0 = Debug|Any CPU
		{9D96963C-F11F-4C69-AC81-B44FF44A1D06}.Ad-Hoc|iPhone.ActiveCfg = Debug|Any CPU
		{9D96963C-F11F-4C69-AC81-B44FF44A1D06}.Ad-Hoc|iPhone.Build.0 = Debug|Any CPU
		{9D96963C-F11F-4C69-AC81-B44FF44A1D06}.Ad-Hoc|iPhoneSimulator.ActiveCfg = Debug|Any CPU
		{9D96963C-F11F-4C69-AC81-B44FF44A1D06}.Ad-Hoc|iPhoneSimulator.Build.0 = Debug|Any CPU
		{9D96963C-F11F-4C69-AC81-B44FF44A1D06}.AppStore|Any CPU.ActiveCfg = Debug|Any CPU
		{9D96963C-F11F-4C69-AC81-B44FF44A1D06}.AppStore|Any CPU.Build.0 = Debug|Any CPU
		{9D96963C-F11F-4C69-AC81-B44FF44A1D06}.AppStore|iPhone.ActiveCfg = Debug|Any CPU
		{9D96963C-F11F-4C69-AC81-B44FF44A1D06}.AppStore|iPhone.Build.0 = Debug|Any CPU
		{9D96963C-F11F-4C69-AC81-B44FF44A1D06}.AppStore|iPhoneSimulator.ActiveCfg = Debug|Any CPU
		{9D96963C-F11F-4C69-AC81-B44FF44A1D06}.AppStore|iPhoneSimulator.Build.0 = Debug|Any CPU
		{9D96963C-F11F-4C69-AC81-B44FF44A1D06}.Debug|Any CPU.ActiveCfg = Debug|Any CPU
		{9D96963C-F11F-4C69-AC81-B44FF44A1D06}.Debug|Any CPU.Build.0 = Debug|Any CPU
		{9D96963C-F11F-4C69-AC81-B44FF44A1D06}.Debug|iPhone.ActiveCfg = Debug|Any CPU
		{9D96963C-F11F-4C69-AC81-B44FF44A1D06}.Debug|iPhone.Build.0 = Debug|Any CPU
		{9D96963C-F11F-4C69-AC81-B44FF44A1D06}.Debug|iPhoneSimulator.ActiveCfg = Debug|Any CPU
		{9D96963C-F11F-4C69-AC81-B44FF44A1D06}.Debug|iPhoneSimulator.Build.0 = Debug|Any CPU
		{9D96963C-F11F-4C69-AC81-B44FF44A1D06}.Release|Any CPU.ActiveCfg = Release|Any CPU
		{9D96963C-F11F-4C69-AC81-B44FF44A1D06}.Release|Any CPU.Build.0 = Release|Any CPU
		{9D96963C-F11F-4C69-AC81-B44FF44A1D06}.Release|iPhone.ActiveCfg = Release|Any CPU
		{9D96963C-F11F-4C69-AC81-B44FF44A1D06}.Release|iPhone.Build.0 = Release|Any CPU
		{9D96963C-F11F-4C69-AC81-B44FF44A1D06}.Release|iPhoneSimulator.ActiveCfg = Release|Any CPU
		{9D96963C-F11F-4C69-AC81-B44FF44A1D06}.Release|iPhoneSimulator.Build.0 = Release|Any CPU
	EndGlobalSection
	GlobalSection(SolutionProperties) = preSolution
		HideSolutionNode = FALSE
	EndGlobalSection
	GlobalSection(ExtensibilityGlobals) = postSolution
		SolutionGuid = {113F91F5-6B4C-4BC1-8E05-954977F155DC}
	EndGlobalSection
EndGlobal
